
Microsoft Visual Studio Solution File, Format Version 12.00
# Visual Studio 15
VisualStudioVersion = 15.0.26730.10
MinimumVisualStudioVersion = 10.0.40219.1
Project("{9A19103F-16F7-4668-BE54-9A1E7A4F7556}") = "Planner.Calendar", "src\Planner.Calendar\Planner.Calendar.csproj", "{1625E44D-8E27-47FD-A629-5040544BE7FB}"
EndProject
Project("{9A19103F-16F7-4668-BE54-9A1E7A4F7556}") = "Planner.Events", "src\Planner.Events\Planner.Events.csproj", "{7A57C678-3F55-45A0-A274-9D947315C408}"
EndProject
Project("{9A19103F-16F7-4668-BE54-9A1E7A4F7556}") = "Planner.Framework", "src\Planner.Framework\Planner.Framework.csproj", "{6DAAC807-8B76-4152-9EDA-E254D1DB406C}"
EndProject
Project("{9A19103F-16F7-4668-BE54-9A1E7A4F7556}") = "Planner.Navigation", "src\Planner.Navigation\Planner.Navigation.csproj", "{80C20E14-6A4C-4B47-87F9-110969270156}"
EndProject
Project("{9A19103F-16F7-4668-BE54-9A1E7A4F7556}") = "Planner.NetCore.UI", "src\Planner.NetCore.UI\Planner.NetCore.UI.csproj", "{59AD617B-605C-4689-AC95-9057D7F61077}"
EndProject
Project("{9A19103F-16F7-4668-BE54-9A1E7A4F7556}") = "Planner.NetCore", "src\Planner.NetCore\Planner.NetCore.csproj", "{D6368099-772E-4301-8993-4DEB2AF1E63D}"
EndProject
Project("{2150E333-8FDC-42A3-9474-1A3956D46DE8}") = ".NET Core", ".NET Core", "{25989478-6A70-46DA-8082-60FD312AD368}"
EndProject
Project("{9A19103F-16F7-4668-BE54-9A1E7A4F7556}") = "Planner.Application", "src\Planner.Application\Planner.Application.csproj", "{B2C591FE-E220-4C42-A69B-FA8497C8D719}"
EndProject
Project("{2150E333-8FDC-42A3-9474-1A3956D46DE8}") = ".NET Standard", ".NET Standard", "{BEA127BB-1B78-4123-A10E-D092DFFB807D}"
EndProject
Global
	GlobalSection(SolutionConfigurationPlatforms) = preSolution
		Debug|Any CPU = Debug|Any CPU
		Release|Any CPU = Release|Any CPU
	EndGlobalSection
	GlobalSection(ProjectConfigurationPlatforms) = postSolution
		{1625E44D-8E27-47FD-A629-5040544BE7FB}.Debug|Any CPU.ActiveCfg = Debug|Any CPU
		{1625E44D-8E27-47FD-A629-5040544BE7FB}.Debug|Any CPU.Build.0 = Debug|Any CPU
		{1625E44D-8E27-47FD-A629-5040544BE7FB}.Release|Any CPU.ActiveCfg = Release|Any CPU
		{1625E44D-8E27-47FD-A629-5040544BE7FB}.Release|Any CPU.Build.0 = Release|Any CPU
		{7A57C678-3F55-45A0-A274-9D947315C408}.Debug|Any CPU.ActiveCfg = Debug|Any CPU
		{7A57C678-3F55-45A0-A274-9D947315C408}.Debug|Any CPU.Build.0 = Debug|Any CPU
		{7A57C678-3F55-45A0-A274-9D947315C408}.Release|Any CPU.ActiveCfg = Release|Any CPU
		{7A57C678-3F55-45A0-A274-9D947315C408}.Release|Any CPU.Build.0 = Release|Any CPU
		{6DAAC807-8B76-4152-9EDA-E254D1DB406C}.Debug|Any CPU.ActiveCfg = Debug|Any CPU
		{6DAAC807-8B76-4152-9EDA-E254D1DB406C}.Debug|Any CPU.Build.0 = Debug|Any CPU
		{6DAAC807-8B76-4152-9EDA-E254D1DB406C}.Release|Any CPU.ActiveCfg = Release|Any CPU
		{6DAAC807-8B76-4152-9EDA-E254D1DB406C}.Release|Any CPU.Build.0 = Release|Any CPU
		{80C20E14-6A4C-4B47-87F9-110969270156}.Debug|Any CPU.ActiveCfg = Debug|Any CPU
		{80C20E14-6A4C-4B47-87F9-110969270156}.Debug|Any CPU.Build.0 = Debug|Any CPU
		{80C20E14-6A4C-4B47-87F9-110969270156}.Release|Any CPU.ActiveCfg = Release|Any CPU
		{80C20E14-6A4C-4B47-87F9-110969270156}.Release|Any CPU.Build.0 = Release|Any CPU
		{59AD617B-605C-4689-AC95-9057D7F61077}.Debug|Any CPU.ActiveCfg = Debug|Any CPU
		{59AD617B-605C-4689-AC95-9057D7F61077}.Debug|Any CPU.Build.0 = Debug|Any CPU
		{59AD617B-605C-4689-AC95-9057D7F61077}.Release|Any CPU.ActiveCfg = Release|Any CPU
		{59AD617B-605C-4689-AC95-9057D7F61077}.Release|Any CPU.Build.0 = Release|Any CPU
		{D6368099-772E-4301-8993-4DEB2AF1E63D}.Debug|Any CPU.ActiveCfg = Debug|Any CPU
		{D6368099-772E-4301-8993-4DEB2AF1E63D}.Debug|Any CPU.Build.0 = Debug|Any CPU
		{D6368099-772E-4301-8993-4DEB2AF1E63D}.Release|Any CPU.ActiveCfg = Release|Any CPU
		{D6368099-772E-4301-8993-4DEB2AF1E63D}.Release|Any CPU.Build.0 = Release|Any CPU
		{B2C591FE-E220-4C42-A69B-FA8497C8D719}.Debug|Any CPU.ActiveCfg = Debug|Any CPU
		{B2C591FE-E220-4C42-A69B-FA8497C8D719}.Debug|Any CPU.Build.0 = Debug|Any CPU
		{B2C591FE-E220-4C42-A69B-FA8497C8D719}.Release|Any CPU.ActiveCfg = Release|Any CPU
		{B2C591FE-E220-4C42-A69B-FA8497C8D719}.Release|Any CPU.Build.0 = Release|Any CPU
	EndGlobalSection
	GlobalSection(SolutionProperties) = preSolution
		HideSolutionNode = FALSE
	EndGlobalSection
	GlobalSection(NestedProjects) = preSolution
		{1625E44D-8E27-47FD-A629-5040544BE7FB} = {BEA127BB-1B78-4123-A10E-D092DFFB807D}
		{7A57C678-3F55-45A0-A274-9D947315C408} = {BEA127BB-1B78-4123-A10E-D092DFFB807D}
		{6DAAC807-8B76-4152-9EDA-E254D1DB406C} = {BEA127BB-1B78-4123-A10E-D092DFFB807D}
		{80C20E14-6A4C-4B47-87F9-110969270156} = {BEA127BB-1B78-4123-A10E-D092DFFB807D}
		{59AD617B-605C-4689-AC95-9057D7F61077} = {25989478-6A70-46DA-8082-60FD312AD368}
		{D6368099-772E-4301-8993-4DEB2AF1E63D} = {25989478-6A70-46DA-8082-60FD312AD368}
		{B2C591FE-E220-4C42-A69B-FA8497C8D719} = {BEA127BB-1B78-4123-A10E-D092DFFB807D}
	EndGlobalSection
	GlobalSection(ExtensibilityGlobals) = postSolution
		SolutionGuid = {E2B32587-C0D4-4354-8931-37B7A8ED144F}
	EndGlobalSection
EndGlobal
